lockfileVersion: '9.0'

settings:
  autoInstallPeers: true
  excludeLinksFromLockfile: false

importers:

  .:
    dependencies:
      '@ai-sdk/groq':
        specifier: ^3.0.27
        version: 3.0.27(zod@3.25.76)
      ai:
        specifier: 6.0.105
        version: 6.0.105(zod@3.25.76)
      zod:
        specifier: 3.25.76
        version: 3.25.76
    devDependencies:
      '@types/bun':
        specifier: latest
        version: 1.3.10
      typescript:
        specifier: 5.8.3
        version: 5.8.3

packages:

  '@ai-sdk/gateway@3.0.59':
    resolution: {integrity: sha512-MbtheWHgEFV/8HL1Z6E3hOAsmP73zZlNFg0F0nJAD0Adnjp4J/plqNK00Y896d+dWTw+r0OXzyov9/2wCFjH0Q==}
    engines: {node: '>=18'}
    peerDependencies:
      zod: ^3.25.76 || ^4.1.8

  '@ai-sdk/groq@3.0.27':
    resolution: {integrity: sha512-IZLwdA7s70BZQMG5JUFgaXMw61UvLR9sBSf7+vhc4YjMMj0UpRK+3ERaVxQah/wrjVhoqEYRUA4JgcBIrafxRg==}
    engines: {node: '>=18'}
    peerDependencies:
      zod: ^3.25.76 || ^4.1.8

  '@ai-sdk/provider-utils@4.0.16':
    resolution: {integrity: sha512-kBvDqNkt5EwlzF9FujmNhhtl8FYg3e8FO8P5uneKliqfRThWemzBj+wfYr7ZCymAQhTRnwSSz1/SOqhOAwmx9g==}
    engines: {node: '>=18'}
    peerDependencies:
      zod: ^3.25.76 || ^4.1.8

  '@ai-sdk/provider-utils@4.0.17':
    resolution: {integrity: sha512-oyCeFINTYK0B8ZGUBiQc05G5vytPlKSmTTtm19xfJuUgoi8zkvvRcoPQci4mSnyfpPn2XSFFDfsALG8uGcapfg==}
    engines: {node: '>=18'}
    peerDependencies:
      zod: ^3.25.76 || ^4.1.8

  '@ai-sdk/provider@3.0.8':
    resolution: {integrity: sha512-oGMAgGoQdBXbZqNG0Ze56CHjDZ1IDYOwGYxYjO5KLSlz5HiNQ9udIXsPZ61VWaHGZ5XW/jyjmr6t2xz2jGVwbQ==}
    engines: {node: '>=18'}

  '@opentelemetry/api@1.9.0':
    resolution: {integrity: sha512-3giAOQvZiH5F9bMlMiv8+GSPMeqg0dbaeo58/0SlA9sxSqZhnUtxzX9/2FzyhS9sWQf5S0GJE0AKBrFqjpeYcg==}
    engines: {node: '>=8.0.0'}

  '@standard-schema/spec@1.1.0':
    resolution: {integrity: sha512-l2aFy5jALhniG5HgqrD6jXLi/rUWrKvqN/qJx6yoJsgKhblVd+iqqU4RCXavm/jPityDo5TCvKMnpjKnOriy0w==}

  '@types/bun@1.3.10':
    resolution: {integrity: sha512-0+rlrUrOrTSskibryHbvQkDOWRJwJZqZlxrUs1u4oOoTln8+WIXBPmAuCF35SWB2z4Zl3E84Nl/D0P7803nigQ==}

  '@types/node@25.3.3':
    resolution: {integrity: sha512-DpzbrH7wIcBaJibpKo9nnSQL0MTRdnWttGyE5haGwK86xgMOkFLp7vEyfQPGLOJh5wNYiJ3V9PmUMDhV9u8kkQ==}

  '@vercel/oidc@3.1.0':
    resolution: {integrity: sha512-Fw28YZpRnA3cAHHDlkt7xQHiJ0fcL+NRcIqsocZQUSmbzeIKRpwttJjik5ZGanXP+vlA4SbTg+AbA3bP363l+w==}
    engines: {node: '>= 20'}

  ai@6.0.105:
    resolution: {integrity: sha512-rp+exWtZS3J0DDvZIfetpKCIg7D3cCsvBPoFN3I67IDTs9aoBZDbpecoIkmNLT+U9RBkoEial3OGHRvme23HCw==}
    engines: {node: '>=18'}
    peerDependencies:
      zod: ^3.25.76 || ^4.1.8

  bun-types@1.3.10:
    resolution: {integrity: sha512-tcpfCCl6XWo6nCVnpcVrxQ+9AYN1iqMIzgrSKYMB/fjLtV2eyAVEg7AxQJuCq/26R6HpKWykQXuSOq/21RYcbg==}

  eventsource-parser@3.0.6:
    resolution: {integrity: sha512-Vo1ab+QXPzZ4tCa8SwIHJFaSzy4R6SHf7BY79rFBDf0idraZWAkYrDjDj8uWaSm3S2TK+hJ7/t1CEmZ7jXw+pg==}
    engines: {node: '>=18.0.0'}

  json-schema@0.4.0:
    resolution: {integrity: sha512-es94M3nTIfsEPisRafak+HDLfHXnKBhV3vU5eqPcS3flIWqcxJWgXHXiey3YrpaNsanY5ei1VoYEbOzijuq9BA==}

  typescript@5.8.3:
    resolution: {integrity: sha512-p1diW6TqL9L07nNxvRMM7hMMw4c5XOo/1ibL4aAIGmSAt9slTE1Xgw5KWuof2uTOvCg9BY7ZRi+GaF+7sfgPeQ==}
    engines: {node: '>=14.17'}
    hasBin: true

  undici-types@7.18.2:
    resolution: {integrity: sha512-AsuCzffGHJybSaRrmr5eHr81mwJU3kjw6M+uprWvCXiNeN9SOGwQ3Jn8jb8m3Z6izVgknn1R0FTCEAP2QrLY/w==}

  zod@3.25.76:
    resolution: {integrity: sha512-gzUt/qt81nXsFGKIFcC3YnfEAx5NkunCfnDlvuBSSFS02bcXu4Lmea0AFIUwbLWxWPx3d9p8S5QoaujKcNQxcQ==}

snapshots:

  '@ai-sdk/gateway@3.0.59(zod@3.25.76)':
    dependencies:
      '@ai-sdk/provider': 3.0.8
      '@ai-sdk/provider-utils': 4.0.16(zod@3.25.76)
      '@vercel/oidc': 3.1.0
      zod: 3.25.76

  '@ai-sdk/groq@3.0.27(zod@3.25.76)':
    dependencies:
      '@ai-sdk/provider': 3.0.8
      '@ai-sdk/provider-utils': 4.0.17(zod@3.25.76)
      zod: 3.25.76

  '@ai-sdk/provider-utils@4.0.16(zod@3.25.76)':
    dependencies:
      '@ai-sdk/provider': 3.0.8
      '@standard-schema/spec': 1.1.0
      eventsource-parser: 3.0.6
      zod: 3.25.76

  '@ai-sdk/provider-utils@4.0.17(zod@3.25.76)':
    dependencies:
      '@ai-sdk/provider': 3.0.8
      '@standard-schema/spec': 1.1.0
      eventsource-parser: 3.0.6
      zod: 3.25.76

  '@ai-sdk/provider@3.0.8':
    dependencies:
      json-schema: 0.4.0

  '@opentelemetry/api@1.9.0': {}

  '@standard-schema/spec@1.1.0': {}

  '@types/bun@1.3.10':
    dependencies:
      bun-types: 1.3.10

  '@types/node@25.3.3':
    dependencies:
      undici-types: 7.18.2

  '@vercel/oidc@3.1.0': {}

  ai@6.0.105(zod@3.25.76):
    dependencies:
      '@ai-sdk/gateway': 3.0.59(zod@3.25.76)
      '@ai-sdk/provider': 3.0.8
      '@ai-sdk/provider-utils': 4.0.16(zod@3.25.76)
      '@opentelemetry/api': 1.9.0
      zod: 3.25.76

  bun-types@1.3.10:
    dependencies:
      '@types/node': 25.3.3

  eventsource-parser@3.0.6: {}

  json-schema@0.4.0: {}

  typescript@5.8.3: {}

  undici-types@7.18.2: {}

  zod@3.25.76: {}
